NeoBundleLock emmet-vim 0b0b9971e9a603e552526e9b4e40f085f629e718
NeoBundleLock incsearch.vim 0b0b9971e9a603e552526e9b4e40f085f629e718
NeoBundleLock neobundle.vim 0b0b9971e9a603e552526e9b4e40f085f629e718
NeoBundleLock neocomplete.vim 0b0b9971e9a603e552526e9b4e40f085f629e718
NeoBundleLock neosnippet.vim 0b0b9971e9a603e552526e9b4e40f085f629e718
NeoBundleLock nerdcommenter 0b0b9971e9a603e552526e9b4e40f085f629e718
NeoBundleLock seoul256.vim 0b0b9971e9a603e552526e9b4e40f085f629e718
NeoBundleLock switch.vim 0b0b9971e9a603e552526e9b4e40f085f629e718
NeoBundleLock syntastic 0b0b9971e9a603e552526e9b4e40f085f629e718
NeoBundleLock tabpagebuffer.vim 0b0b9971e9a603e552526e9b4e40f085f629e718
NeoBundleLock unite.vim 0b0b9971e9a603e552526e9b4e40f085f629e718
NeoBundleLock vim-better-whitespace 0b0b9971e9a603e552526e9b4e40f085f629e718
NeoBundleLock vim-coffee-script 0b0b9971e9a603e552526e9b4e40f085f629e718
NeoBundleLock vim-css-color 0b0b9971e9a603e552526e9b4e40f085f629e718
NeoBundleLock vim-easy-align 0b0b9971e9a603e552526e9b4e40f085f629e718
NeoBundleLock vim-exchange 0b0b9971e9a603e552526e9b4e40f085f629e718
NeoBundleLock vim-fugitive 0b0b9971e9a603e552526e9b4e40f085f629e718
NeoBundleLock vim-go 0b0b9971e9a603e552526e9b4e40f085f629e718
NeoBundleLock vim-indent-guides 0b0b9971e9a603e552526e9b4e40f085f629e718
NeoBundleLock vim-indent-object 0b0b9971e9a603e552526e9b4e40f085f629e718
NeoBundleLock vim-jade 0b0b9971e9a603e552526e9b4e40f085f629e718
NeoBundleLock vim-javascript 0b0b9971e9a603e552526e9b4e40f085f629e718
NeoBundleLock vim-jsdoc 0b0b9971e9a603e552526e9b4e40f085f629e718
NeoBundleLock vim-less 0b0b9971e9a603e552526e9b4e40f085f629e718
NeoBundleLock vim-repeat 0b0b9971e9a603e552526e9b4e40f085f629e718
NeoBundleLock vim-stylus 0b0b9971e9a603e552526e9b4e40f085f629e718
NeoBundleLock vim-surround 0b0b9971e9a603e552526e9b4e40f085f629e718
NeoBundleLock vim-unimpaired 0b0b9971e9a603e552526e9b4e40f085f629e718
NeoBundleLock vimfiler.vim 0b0b9971e9a603e552526e9b4e40f085f629e718
NeoBundleLock vimproc 98482672f888aec28ae3764e4432f7127ca8697b
